
Microsoft Visual Studio Solution File, Format Version 12.00
# Visual Studio Version 17
VisualStudioVersion = 17.9.34714.143
MinimumVisualStudioVersion = 10.0.40219.1
Project("{9A19103F-16F7-4668-BE54-9A1E7A4F7556}") = "ScreenMover", "ScreenMoverUI\ScreenMover.csproj", "{FD1C03A4-F822-4115-8AF0-2BEA85665416}"
EndProject
Project("{54435603-DBB4-11D2-8724-00A0C9A8B90C}") = "ScreenMoverUIInstaller", "ScreenMoverUIInstaller\ScreenMoverUIInstaller.vdproj", "{F7F7DAC7-2E3F-4D72-8FF5-AD8326546D65}"
EndProject
Global
	GlobalSection(SolutionConfigurationPlatforms) = preSolution
		Debug|Any CPU = Debug|Any CPU
		Release|Any CPU = Release|Any CPU
	EndGlobalSection
	GlobalSection(ProjectConfigurationPlatforms) = postSolution
		{FD1C03A4-F822-4115-8AF0-2BEA85665416}.Debug|Any CPU.ActiveCfg = Debug|Any CPU
		{FD1C03A4-F822-4115-8AF0-2BEA85665416}.Debug|Any CPU.Build.0 = Debug|Any CPU
		{FD1C03A4-F822-4115-8AF0-2BEA85665416}.Release|Any CPU.ActiveCfg = Release|Any CPU
		{FD1C03A4-F822-4115-8AF0-2BEA85665416}.Release|Any CPU.Build.0 = Release|Any CPU
		{F7F7DAC7-2E3F-4D72-8FF5-AD8326546D65}.Debug|Any CPU.ActiveCfg = Debug
		{F7F7DAC7-2E3F-4D72-8FF5-AD8326546D65}.Release|Any CPU.ActiveCfg = Release
	EndGlobalSection
	GlobalSection(SolutionProperties) = preSolution
		HideSolutionNode = FALSE
	EndGlobalSection
	GlobalSection(ExtensibilityGlobals) = postSolution
		SolutionGuid = {6D0BFC45-0F65-49EF-B311-41ED82A88052}
	EndGlobalSection
EndGlobal
